// !$*UTF8*$!
{
	archiveVersion = 1;
	classes = {
	};
	objectVersion = 50;
	objects = {

/* Begin PBXBuildFile section */
		524883EF2302EA2B009BDB78 /* CircleButton.swift in Sources */ = {isa = PBXBuildFile; fileRef = 524883EE2302EA2B009BDB78 /* CircleButton.swift */; };
		524883F12302F285009BDB78 /* test.mp3 in Resources */ = {isa = PBXBuildFile; fileRef = 524883F02302F285009BDB78 /* test.mp3 */; };
		5293E5BD2302CB0600EE61DF /* AppDelegate.swift in Sources */ = {isa = PBXBuildFile; fileRef = 5293E5BC2302CB0600EE61DF /* AppDelegate.swift */; };
		5293E5BF2302CB0600EE61DF /* ViewController.swift in Sources */ = {isa = PBXBuildFile; fileRef = 5293E5BE2302CB0600EE61DF /* ViewController.swift */; };
		5293E5C22302CB0600EE61DF /* Main.storyboard in Resources */ = {isa = PBXBuildFile; fileRef = 5293E5C02302CB0600EE61DF /* Main.storyboard */; };
		5293E5C52302CB0600EE61DF /* Scribe.xcdatamodeld in Sources */ = {isa = PBXBuildFile; fileRef = 5293E5C32302CB0600EE61DF /* Scribe.xcdatamodeld */; };
		5293E5C72302CB0800EE61DF /* Assets.xcassets in Resources */ = {isa = PBXBuildFile; fileRef = 5293E5C62302CB0800EE61DF /* Assets.xcassets */; };
		5293E5CA2302CB0800EE61DF /* LaunchScreen.storyboard in Resources */ = {isa = PBXBuildFile; fileRef = 5293E5C82302CB0800EE61DF /* LaunchScreen.storyboard */; };
/* End PBXBuildFile section */

/* Begin PBXFileReference section */
		524883EE2302EA2B009BDB78 /* CircleButton.swift */ = {isa = PBXFileReference; lastKnownFileType = sourcecode.swift; path = CircleButton.swift; sourceTree = "<group>"; };
		524883F02302F285009BDB78 /* test.mp3 */ = {isa = PBXFileReference; lastKnownFileType = audio.mp3; path = test.mp3; sourceTree = "<group>"; };
		5293E5B92302CB0600EE61DF /* Scribe.app */ = {isa = PBXFileReference; explicitFileType = wrapper.application; includeInIndex = 0; path = Scribe.app; sourceTree = BUILT_PRODUCTS_DIR; };
		5293E5BC2302CB0600EE61DF /* AppDelegate.swift */ = {isa = PBXFileReference; lastKnownFileType = sourcecode.swift; path = AppDelegate.swift; sourceTree = "<group>"; };
		5293E5BE2302CB0600EE61DF /* ViewController.swift */ = {isa = PBXFileReference; lastKnownFileType = sourcecode.swift; path = ViewController.swift; sourceTree = "<group>"; };
		5293E5C12302CB0600EE61DF /* Base */ = {isa = PBXFileReference; lastKnownFileType = file.storyboard; name = Base; path = Base.lproj/Main.storyboard; sourceTree = "<group>"; };
		5293E5C42302CB0600EE61DF /* Scribe.xcdatamodel */ = {isa = PBXFileReference; lastKnownFileType = wrapper.xcdatamodel; path = Scribe.xcdatamodel; sourceTree = "<group>"; };
		5293E5C62302CB0800EE61DF /* Assets.xcassets */ = {isa = PBXFileReference; lastKnownFileType = folder.assetcatalog; path = Assets.xcassets; sourceTree = "<group>"; };
		5293E5C92302CB0800EE61DF /* Base */ = {isa = PBXFileReference; lastKnownFileType = file.storyboard; name = Base; path = Base.lproj/LaunchScreen.storyboard; sourceTree = "<group>"; };
		5293E5CB2302CB0800EE61DF /* Info.plist */ = {isa = PBXFileReference; lastKnownFileType = text.plist.xml; path = Info.plist; sourceTree = "<group>"; };
/* End PBXFileReference section */

/* Begin PBXFrameworksBuildPhase section */
		5293E5B62302CB0600EE61DF /* Frameworks */ = {
			isa = PBXFrameworksBuildPhase;
			buildActionMask = 2147483647;
			files = (
			);
			runOnlyForDeploymentPostprocessing = 0;
		};
/* End PBXFrameworksBuildPhase section */

/* Begin PBXGroup section */
		524883EB2302E9FD009BDB78 /* Controller */ = {
			isa = PBXGroup;
			children = (
				5293E5BE2302CB0600EE61DF /* ViewController.swift */,
			);
			path = Controller;
			sourceTree = "<group>";
		};
		524883EC2302EA0E009BDB78 /* View */ = {
			isa = PBXGroup;
			children = (
				524883EE2302EA2B009BDB78 /* CircleButton.swift */,
			);
			path = View;
			sourceTree = "<group>";
		};
		524883ED2302EA13009BDB78 /* Model */ = {
			isa = PBXGroup;
			children = (
			);
			path = Model;
			sourceTree = "<group>";
		};
		524883F22302F83D009BDB78 /* Resource */ = {
			isa = PBXGroup;
			children = (
				524883F02302F285009BDB78 /* test.mp3 */,
			);
			path = Resource;
			sourceTree = "<group>";
		};
		5293E5B02302CB0600EE61DF = {
			isa = PBXGroup;
			children = (
				5293E5BB2302CB0600EE61DF /* Scribe */,
				5293E5BA2302CB0600EE61DF /* Products */,
			);
			sourceTree = "<group>";
		};
		5293E5BA2302CB0600EE61DF /* Products */ = {
			isa = PBXGroup;
			children = (
				5293E5B92302CB0600EE61DF /* Scribe.app */,
			);
			name = Products;
			sourceTree = "<group>";
		};
		5293E5BB2302CB0600EE61DF /* Scribe */ = {
			isa = PBXGroup;
			children = (
				524883F22302F83D009BDB78 /* Resource */,
				524883ED2302EA13009BDB78 /* Model */,
				524883EC2302EA0E009BDB78 /* View */,
				524883EB2302E9FD009BDB78 /* Controller */,
				5293E5BC2302CB0600EE61DF /* AppDelegate.swift */,
				5293E5C02302CB0600EE61DF /* Main.storyboard */,
				5293E5C62302CB0800EE61DF /* Assets.xcassets */,
				5293E5C82302CB0800EE61DF /* LaunchScreen.storyboard */,
				5293E5CB2302CB0800EE61DF /* Info.plist */,
				5293E5C32302CB0600EE61DF /* Scribe.xcdatamodeld */,
			);
			path = Scribe;
			sourceTree = "<group>";
		};
/* End PBXGroup section */

/* Begin PBXNativeTarget section */
		5293E5B82302CB0600EE61DF /* Scribe */ = {
			isa = PBXNativeTarget;
			buildConfigurationList = 5293E5CE2302CB0800EE61DF /* Build configuration list for PBXNativeTarget "Scribe" */;
			buildPhases = (
				5293E5B52302CB0600EE61DF /* Sources */,
				5293E5B62302CB0600EE61DF /* Frameworks */,
				5293E5B72302CB0600EE61DF /* Resources */,
			);
			buildRules = (
			);
			dependencies = (
			);
			name = Scribe;
			productName = Scribe;
			productReference = 5293E5B92302CB0600EE61DF /* Scribe.app */;
			productType = "com.apple.product-type.application";
		};
/* End PBXNativeTarget section */

/* Begin PBXProject section */
		5293E5B12302CB0600EE61DF /* Project object */ = {
			isa = PBXProject;
			attributes = {
				LastSwiftUpdateCheck = 1030;
				LastUpgradeCheck = 1030;
				ORGANIZATIONNAME = "MacBook Pro";
				TargetAttributes = {
					5293E5B82302CB0600EE61DF = {
						CreatedOnToolsVersion = 10.3;
					};
				};
			};
			buildConfigurationList = 5293E5B42302CB0600EE61DF /* Build configuration list for PBXProject "Scribe" */;
			compatibilityVersion = "Xcode 9.3";
			developmentRegion = en;
			hasScannedForEncodings = 0;
			knownRegions = (
				en,
				Base,
			);
			mainGroup = 5293E5B02302CB0600EE61DF;
			productRefGroup = 5293E5BA2302CB0600EE61DF /* Products */;
			projectDirPath = "";
			projectRoot = "";
			targets = (
				5293E5B82302CB0600EE61DF /* Scribe */,
			);
		};
/* End PBXProject section */

/* Begin PBXResourcesBuildPhase section */
		5293E5B72302CB0600EE61DF /* Resources */ = {
			isa = PBXResourcesBuildPhase;
			buildActionMask = 2147483647;
			files = (
				5293E5CA2302CB0800EE61DF /* LaunchScreen.storyboard in Resources */,
				5293E5C72302CB0800EE61DF /* Assets.xcassets in Resources */,
				524883F12302F285009BDB78 /* test.mp3 in Resources */,
				5293E5C22302CB0600EE61DF /* Main.storyboard in Resources */,
			);
			runOnlyForDeploymentPostprocessing = 0;
		};
/* End PBXResourcesBuildPhase section */

/* Begin PBXSourcesBuildPhase section */
		5293E5B52302CB0600EE61DF /* Sources */ = {
			isa = PBXSourcesBuildPhase;
			buildActionMask = 2147483647;
			files = (
				5293E5BF2302CB0600EE61DF /* ViewController.swift in Sources */,
				5293E5BD2302CB0600EE61DF /* AppDelegate.swift in Sources */,
				5293E5C52302CB0600EE61DF /* Scribe.xcdatamodeld in Sources */,
				524883EF2302EA2B009BDB78 /* CircleButton.swift in Sources */,
			);
			runOnlyForDeploymentPostprocessing = 0;
		};
/* End PBXSourcesBuildPhase section */

/* Begin PBXVariantGroup section */
		5293E5C02302CB0600EE61DF /* Main.storyboard */ = {
			isa = PBXVariantGroup;
			children = (
				5293E5C12302CB0600EE61DF /* Base */,
			);
			name = Main.storyboard;
			sourceTree = "<group>";
		};
		5293E5C82302CB0800EE61DF /* LaunchScreen.storyboard */ = {
			isa = PBXVariantGroup;
			children = (
				5293E5C92302CB0800EE61DF /* Base */,
			);
			name = LaunchScreen.storyboard;
			sourceTree = "<group>";
		};
/* End PBXVariantGroup section */

/* Begin XCBuildConfiguration section */
		5293E5CC2302CB0800EE61DF /* Debug */ = {
			isa = XCBuildConfiguration;
			buildSettings = {
				ALWAYS_SEARCH_USER_PATHS = NO;
				CLANG_ANALYZER_NONNULL = YES;
				CLANG_ANALYZER_NUMBER_OBJECT_CONVERSION = YES_AGGRESSIVE;
				CLANG_CXX_LANGUAGE_STANDARD = "gnu++14";
				CLANG_CXX_LIBRARY = "libc++";
				CLANG_ENABLE_MODULES = YES;
				CLANG_ENABLE_OBJC_ARC = YES;
				CLANG_ENABLE_OBJC_WEAK = YES;
				CLANG_WARN_BLOCK_CAPTURE_AUTORELEASING = YES;
				CLANG_WARN_BOOL_CONVERSION = YES;
				CLANG_WARN_COMMA = YES;
				CLANG_WARN_CONSTANT_CONVERSION = YES;
				CLANG_WARN_DEPRECATED_OBJC_IMPLEMENTATIONS = YES;
				CLANG_WARN_DIRECT_OBJC_ISA_USAGE = YES_ERROR;
				CLANG_WARN_DOCUMENTATION_COMMENTS = YES;
				CLANG_WARN_EMPTY_BODY = YES;
				CLANG_WARN_ENUM_CONVERSION = YES;
				CLANG_WARN_INFINITE_RECURSION = YES;
				CLANG_WARN_INT_CONVERSION = YES;
				CLANG_WARN_NON_LITERAL_NULL_CONVERSION = YES;
				CLANG_WARN_OBJC_IMPLICIT_RETAIN_SELF = YES;
				CLANG_WARN_OBJC_LITERAL_CONVERSION = YES;
				CLANG_WARN_OBJC_ROOT_CLASS = YES_ERROR;
				CLANG_WARN_RANGE_LOOP_ANALYSIS = YES;
				CLANG_WARN_STRICT_PROTOTYPES = YES;
				CLANG_WARN_SUSPICIOUS_MOVE = YES;
				CLANG_WARN_UNGUARDED_AVAILABILITY = YES_AGGRESSIVE;
				CLANG_WARN_UNREACHABLE_CODE = YES;
				CLANG_WARN__DUPLICATE_METHOD_MATCH = YES;
				CODE_SIGN_IDENTITY = "iPhone Developer";
				COPY_PHASE_STRIP = NO;
				DEBUG_INFORMATION_FORMAT = dwarf;
				ENABLE_STRICT_OBJC_MSGSEND = YES;
				ENABLE_TESTABILITY = YES;
				GCC_C_LANGUAGE_STANDARD = gnu11;
				GCC_DYNAMIC_NO_PIC = NO;
				GCC_NO_COMMON_BLOCKS = YES;
				GCC_OPTIMIZATION_LEVEL = 0;
				GCC_PREPROCESSOR_DEFINITIONS = (
					"DEBUG=1",
					"$(inherited)",
				);
				GCC_WARN_64_TO_32_BIT_CONVERSION = YES;
				GCC_WARN_ABOUT_RETURN_TYPE = YES_ERROR;
				GCC_WARN_UNDECLARED_SELECTOR = YES;
				GCC_WARN_UNINITIALIZED_AUTOS = YES_AGGRESSIVE;
				GCC_WARN_UNUSED_FUNCTION = YES;
				GCC_WARN_UNUSED_VARIABLE = YES;
				IPHONEOS_DEPLOYMENT_TARGET = 12.4;
				MTL_ENABLE_DEBUG_INFO = INCLUDE_SOURCE;
				MTL_FAST_MATH = YES;
				ONLY_ACTIVE_ARCH = YES;
				SDKROOT = iphoneos;
				SWIFT_ACTIVE_COMPILATION_CONDITIONS = DEBUG;
				SWIFT_OPTIMIZATION_LEVEL = "-Onone";
			};
			name = Debug;
		};
		5293E5CD2302CB0800EE61DF /* Release */ = {
			isa = XCBuildConfiguration;
			buildSettings = {
				ALWAYS_SEARCH_USER_PATHS = NO;
				CLANG_ANALYZER_NONNULL = YES;
				CLANG_ANALYZER_NUMBER_OBJECT_CONVERSION = YES_AGGRESSIVE;
				CLANG_CXX_LANGUAGE_STANDARD = "gnu++14";
				CLANG_CXX_LIBRARY = "libc++";
				CLANG_ENABLE_MODULES = YES;
				CLANG_ENABLE_OBJC_ARC = YES;
				CLANG_ENABLE_OBJC_WEAK = YES;
				CLANG_WARN_BLOCK_CAPTURE_AUTORELEASING = YES;
				CLANG_WARN_BOOL_CONVERSION = YES;
				CLANG_WARN_COMMA = YES;
				CLANG_WARN_CONSTANT_CONVERSION = YES;
				CLANG_WARN_DEPRECATED_OBJC_IMPLEMENTATIONS = YES;
				CLANG_WARN_DIRECT_OBJC_ISA_USAGE = YES_ERROR;
				CLANG_WARN_DOCUMENTATION_COMMENTS = YES;
				CLANG_WARN_EMPTY_BODY = YES;
				CLANG_WARN_ENUM_CONVERSION = YES;
				CLANG_WARN_INFINITE_RECURSION = YES;
				CLANG_WARN_INT_CONVERSION = YES;
				CLANG_WARN_NON_LITERAL_NULL_CONVERSION = YES;
				CLANG_WARN_OBJC_IMPLICIT_RETAIN_SELF = YES;
				CLANG_WARN_OBJC_LITERAL_CONVERSION = YES;
				CLANG_WARN_OBJC_ROOT_CLASS = YES_ERROR;
				CLANG_WARN_RANGE_LOOP_ANALYSIS = YES;
				CLANG_WARN_STRICT_PROTOTYPES = YES;
				CLANG_WARN_SUSPICIOUS_MOVE = YES;
				CLANG_WARN_UNGUARDED_AVAILABILITY = YES_AGGRESSIVE;
				CLANG_WARN_UNREACHABLE_CODE = YES;
				CLANG_WARN__DUPLICATE_METHOD_MATCH = YES;
				CODE_SIGN_IDENTITY = "iPhone Developer";
				COPY_PHASE_STRIP = NO;
				DEBUG_INFORMATION_FORMAT = "dwarf-with-dsym";
				ENABLE_NS_ASSERTIONS = NO;
				ENABLE_STRICT_OBJC_MSGSEND = YES;
				GCC_C_LANGUAGE_STANDARD = gnu11;
				GCC_NO_COMMON_BLOCKS = YES;
				GCC_WARN_64_TO_32_BIT_CONVERSION = YES;
				GCC_WARN_ABOUT_RETURN_TYPE = YES_ERROR;
				GCC_WARN_UNDECLARED_SELECTOR = YES;
				GCC_WARN_UNINITIALIZED_AUTOS = YES_AGGRESSIVE;
				GCC_WARN_UNUSED_FUNCTION = YES;
				GCC_WARN_UNUSED_VARIABLE = YES;
				IPHONEOS_DEPLOYMENT_TARGET = 12.4;
				MTL_ENABLE_DEBUG_INFO = NO;
				MTL_FAST_MATH = YES;
				SDKROOT = iphoneos;
				SWIFT_COMPILATION_MODE = wholemodule;
				SWIFT_OPTIMIZATION_LEVEL = "-O";
				VALIDATE_PRODUCT = YES;
			};
			name = Release;
		};
		5293E5CF2302CB0800EE61DF /* Debug */ = {
			isa = XCBuildConfiguration;
			buildSettings = {
				ASSETCATALOG_COMPILER_APPICON_NAME = AppIcon;
				CODE_SIGN_STYLE = Automatic;
				DEVELOPMENT_TEAM = ZK457J9UDQ;
				INFOPLIST_FILE = Scribe/Info.plist;
				IPHONEOS_DEPLOYMENT_TARGET = 12.3;
				LD_RUNPATH_SEARCH_PATHS = (
					"$(inherited)",
					"@executable_path/Frameworks",
				);
				PRODUCT_BUNDLE_IDENTIFIER = shone.Scribe;
				PRODUCT_NAME = "$(TARGET_NAME)";
				SWIFT_VERSION = 5.0;
				TARGETED_DEVICE_FAMILY = "1,2";
			};
			name = Debug;
		};
		5293E5D02302CB0800EE61DF /* Release */ = {
			isa = XCBuildConfiguration;
			buildSettings = {
				ASSETCATALOG_COMPILER_APPICON_NAME = AppIcon;
				CODE_SIGN_STYLE = Automatic;
				DEVELOPMENT_TEAM = ZK457J9UDQ;
				INFOPLIST_FILE = Scribe/Info.plist;
				IPHONEOS_DEPLOYMENT_TARGET = 12.3;
				LD_RUNPATH_SEARCH_PATHS = (
					"$(inherited)",
					"@executable_path/Frameworks",
				);
				PRODUCT_BUNDLE_IDENTIFIER = shone.Scribe;
				PRODUCT_NAME = "$(TARGET_NAME)";
				SWIFT_VERSION = 5.0;
				TARGETED_DEVICE_FAMILY = "1,2";
			};
			name = Release;
		};
/* End XCBuildConfiguration section */

/* Begin XCConfigurationList section */
		5293E5B42302CB0600EE61DF /* Build configuration list for PBXProject "Scribe" */ = {
			isa = XCConfigurationList;
			buildConfigurations = (
				5293E5CC2302CB0800EE61DF /* Debug */,
				5293E5CD2302CB0800EE61DF /* Release */,
			);
			defaultConfigurationIsVisible = 0;
			defaultConfigurationName = Release;
		};
		5293E5CE2302CB0800EE61DF /* Build configuration list for PBXNativeTarget "Scribe" */ = {
			isa = XCConfigurationList;
			buildConfigurations = (
				5293E5CF2302CB0800EE61DF /* Debug */,
				5293E5D02302CB0800EE61DF /* Release */,
			);
			defaultConfigurationIsVisible = 0;
			defaultConfigurationName = Release;
		};
/* End XCConfigurationList section */

/* Begin XCVersionGroup section */
		5293E5C32302CB0600EE61DF /* Scribe.xcdatamodeld */ = {
			isa = XCVersionGroup;
			children = (
				5293E5C42302CB0600EE61DF /* Scribe.xcdatamodel */,
			);
			currentVersion = 5293E5C42302CB0600EE61DF /* Scribe.xcdatamodel */;
			path = Scribe.xcdatamodeld;
			sourceTree = "<group>";
			versionGroupType = wrapper.xcdatamodel;
		};
/* End XCVersionGroup section */
	};
	rootObject = 5293E5B12302CB0600EE61DF /* Project object */;
}
